
Microsoft Visual Studio Solution File, Format Version 12.00
# Visual Studio Version 16
VisualStudioVersion = 16.0.29509.3
MinimumVisualStudioVersion = 10.0.40219.1
Project("{FAE04EC0-301F-11D3-BF4B-00C04F79EFBC}") = "WebApplication1", "WebApplication1\WebApplication1.csproj", "{244495C0-E583-4101-99C4-A888305FA87B}"
EndProject
Global
	GlobalSection(SolutionConfigurationPlatforms) = preSolution
		Debug|Any CPU = Debug|Any CPU
		Release|Any CPU = Release|Any CPU
	EndGlobalSection
	GlobalSection(ProjectConfigurationPlatforms) = postSolution
		{244495C0-E583-4101-99C4-A888305FA87B}.Debug|Any CPU.ActiveCfg = Debug|Any CPU
		{244495C0-E583-4101-99C4-A888305FA87B}.Debug|Any CPU.Build.0 = Debug|Any CPU
		{244495C0-E583-4101-99C4-A888305FA87B}.Release|Any CPU.ActiveCfg = Release|Any CPU
		{244495C0-E583-4101-99C4-A888305FA87B}.Release|Any CPU.Build.0 = Release|Any CPU
	EndGlobalSection
	GlobalSection(SolutionProperties) = preSolution
		HideSolutionNode = FALSE
	EndGlobalSection
	GlobalSection(ExtensibilityGlobals) = postSolution
		SolutionGuid = {75D028A2-0708-4597-A1A5-37891CD985ED}
	EndGlobalSection
EndGlobal
